
Microsoft Visual Studio Solution File, Format Version 12.00
# Visual Studio Version 17
VisualStudioVersion = 17.12.35506.116
MinimumVisualStudioVersion = 10.0.40219.1
Project("{2150E333-8FDC-42A3-9474-1A3956D46DE8}") = "Bootstrapper", "Bootstrapper", "{A5E1B3FA-CCCD-42AF-91D0-7616CB714337}"
EndProject
Project("{2150E333-8FDC-42A3-9474-1A3956D46DE8}") = "Modules", "Modules", "{F8A775A4-02AD-4A6D-B7D8-847D9DDEFC82}"
EndProject
Project("{2150E333-8FDC-42A3-9474-1A3956D46DE8}") = "Shared", "Shared", "{2034DE99-672E-4015-978C-22BB934D2694}"
EndProject
Project("{FAE04EC0-301F-11D3-BF4B-00C04F79EFBC}") = "Api", "src\Bootstrapper\Api\Api.csproj", "{6E0B9B81-EABA-4565-BDF7-203DA23965F3}"
EndProject
Project("{2150E333-8FDC-42A3-9474-1A3956D46DE8}") = "Catalog", "Catalog", "{513B6209-3DEF-497E-8634-5809BE53C0AE}"
EndProject
Project("{2150E333-8FDC-42A3-9474-1A3956D46DE8}") = "Basket", "Basket", "{A48787E0-3794-45B1-ADD6-1648DDB629AA}"
EndProject
Project("{2150E333-8FDC-42A3-9474-1A3956D46DE8}") = "Ordering", "Ordering", "{54CBACAF-1571-4A90-A922-F804F7DB1575}"
EndProject
Project("{FAE04EC0-301F-11D3-BF4B-00C04F79EFBC}") = "Catalog", "src\Modules\Catalog\Catalog\Catalog.csproj", "{B5192781-FCE8-40EB-9C9A-89698031D0E1}"
EndProject
Project("{FAE04EC0-301F-11D3-BF4B-00C04F79EFBC}") = "Basket", "src\Modules\Basket\Basket.csproj", "{A90441E9-039B-4D82-A276-670AC555BC8E}"
EndProject
Project("{FAE04EC0-301F-11D3-BF4B-00C04F79EFBC}") = "Ordering", "src\Modules\Ordering\Ordering.csproj", "{0CE126D8-B52F-487E-A270-369FBE868D35}"
EndProject
Project("{FAE04EC0-301F-11D3-BF4B-00C04F79EFBC}") = "Shared", "src\Shared\Shared\Shared.csproj", "{04181C0E-E157-402C-9622-45885D33DB80}"
EndProject
Project("{E53339B2-1760-4266-BCC7-CA923CBCF16C}") = "docker-compose", "docker-compose.dcproj", "{B0EA9169-ED59-491F-86C8-E4177C1B2728}"
EndProject
Global
	GlobalSection(SolutionConfigurationPlatforms) = preSolution
		Debug|Any CPU = Debug|Any CPU
		Release|Any CPU = Release|Any CPU
	EndGlobalSection
	GlobalSection(ProjectConfigurationPlatforms) = postSolution
		{6E0B9B81-EABA-4565-BDF7-203DA23965F3}.Debug|Any CPU.ActiveCfg = Debug|Any CPU
		{6E0B9B81-EABA-4565-BDF7-203DA23965F3}.Debug|Any CPU.Build.0 = Debug|Any CPU
		{6E0B9B81-EABA-4565-BDF7-203DA23965F3}.Release|Any CPU.ActiveCfg = Release|Any CPU
		{6E0B9B81-EABA-4565-BDF7-203DA23965F3}.Release|Any CPU.Build.0 = Release|Any CPU
		{B5192781-FCE8-40EB-9C9A-89698031D0E1}.Debug|Any CPU.ActiveCfg = Debug|Any CPU
		{B5192781-FCE8-40EB-9C9A-89698031D0E1}.Debug|Any CPU.Build.0 = Debug|Any CPU
		{B5192781-FCE8-40EB-9C9A-89698031D0E1}.Release|Any CPU.ActiveCfg = Release|Any CPU
		{B5192781-FCE8-40EB-9C9A-89698031D0E1}.Release|Any CPU.Build.0 = Release|Any CPU
		{A90441E9-039B-4D82-A276-670AC555BC8E}.Debug|Any CPU.ActiveCfg = Debug|Any CPU
		{A90441E9-039B-4D82-A276-670AC555BC8E}.Debug|Any CPU.Build.0 = Debug|Any CPU
		{A90441E9-039B-4D82-A276-670AC555BC8E}.Release|Any CPU.ActiveCfg = Release|Any CPU
		{A90441E9-039B-4D82-A276-670AC555BC8E}.Release|Any CPU.Build.0 = Release|Any CPU
		{0CE126D8-B52F-487E-A270-369FBE868D35}.Debug|Any CPU.ActiveCfg = Debug|Any CPU
		{0CE126D8-B52F-487E-A270-369FBE868D35}.Debug|Any CPU.Build.0 = Debug|Any CPU
		{0CE126D8-B52F-487E-A270-369FBE868D35}.Release|Any CPU.ActiveCfg = Release|Any CPU
		{0CE126D8-B52F-487E-A270-369FBE868D35}.Release|Any CPU.Build.0 = Release|Any CPU
		{04181C0E-E157-402C-9622-45885D33DB80}.Debug|Any CPU.ActiveCfg = Debug|Any CPU
		{04181C0E-E157-402C-9622-45885D33DB80}.Debug|Any CPU.Build.0 = Debug|Any CPU
		{04181C0E-E157-402C-9622-45885D33DB80}.Release|Any CPU.ActiveCfg = Release|Any CPU
		{04181C0E-E157-402C-9622-45885D33DB80}.Release|Any CPU.Build.0 = Release|Any CPU
		{B0EA9169-ED59-491F-86C8-E4177C1B2728}.Debug|Any CPU.ActiveCfg = Debug|Any CPU
		{B0EA9169-ED59-491F-86C8-E4177C1B2728}.Debug|Any CPU.Build.0 = Debug|Any CPU
		{B0EA9169-ED59-491F-86C8-E4177C1B2728}.Release|Any CPU.ActiveCfg = Release|Any CPU
		{B0EA9169-ED59-491F-86C8-E4177C1B2728}.Release|Any CPU.Build.0 = Release|Any CPU
	EndGlobalSection
	GlobalSection(SolutionProperties) = preSolution
		HideSolutionNode = FALSE
	EndGlobalSection
	GlobalSection(NestedProjects) = preSolution
		{6E0B9B81-EABA-4565-BDF7-203DA23965F3} = {A5E1B3FA-CCCD-42AF-91D0-7616CB714337}
		{513B6209-3DEF-497E-8634-5809BE53C0AE} = {F8A775A4-02AD-4A6D-B7D8-847D9DDEFC82}
		{A48787E0-3794-45B1-ADD6-1648DDB629AA} = {F8A775A4-02AD-4A6D-B7D8-847D9DDEFC82}
		{54CBACAF-1571-4A90-A922-F804F7DB1575} = {F8A775A4-02AD-4A6D-B7D8-847D9DDEFC82}
		{B5192781-FCE8-40EB-9C9A-89698031D0E1} = {513B6209-3DEF-497E-8634-5809BE53C0AE}
		{A90441E9-039B-4D82-A276-670AC555BC8E} = {A48787E0-3794-45B1-ADD6-1648DDB629AA}
		{0CE126D8-B52F-487E-A270-369FBE868D35} = {54CBACAF-1571-4A90-A922-F804F7DB1575}
		{04181C0E-E157-402C-9622-45885D33DB80} = {2034DE99-672E-4015-978C-22BB934D2694}
	EndGlobalSection
EndGlobal
